{
  "name": "sample-admin-cli",
  "version": "1.0.0",
  "lockfileVersion": 3,
  "requires": true,
  "packages": {
    "": {
      "name": "sample-admin-cli",
      "version": "1.0.0",
      "license": "ISC",
      "dependencies": {
        "@drmhse/sso-sdk": "file:../sso-sdk"
      }
    },
    "../sso-sdk": {
      "name": "@drmhse/sso-sdk",
      "version": "0.1.1",
      "license": "MIT",
      "devDependencies": {
        "@types/node": "^20.11.5",
        "@typescript-eslint/eslint-plugin": "^6.19.0",
        "@typescript-eslint/parser": "^6.19.0",
        "eslint": "^8.56.0",
        "tsup": "^8.0.1",
        "typescript": "^5.3.3"
      }
    },
    "node_modules/@drmhse/sso-sdk": {
      "resolved": "../sso-sdk",
      "link": true
    }
  }
}
